schema: '2.0'
stages:
  data_ingestion:
    cmd: python src/fakeNewsClassifier/pipeline/stage_01_data_ingestion.py
    deps:
    - path: config/config.yaml
      hash: md5
      md5: 2f6fdc905429ec6dc3828305a0bd04ab
      size: 1021
    - path: src/fakeNewsClassifier/pipeline/stage_01_data_ingestion.py
      hash: md5
      md5: a3d3331ed7e7c270a3868737c85d0fe9
      size: 860
    outs:
    - path: artifacts/data_ingestion/Fake.csv
      hash: md5
      md5: edcb323a8ed3e9f4d5d84016553009eb
      size: 62789876
    - path: artifacts/data_ingestion/True.csv
      hash: md5
      md5: 4c3c571205b62c7591c451cfe60d6af1
      size: 53582940
  data_preprocessing:
    cmd: python src/fakeNewsClassifier/pipeline/stage_02_data_preprocessing.py
    deps:
    - path: config/config.yaml
      hash: md5
      md5: 2f6fdc905429ec6dc3828305a0bd04ab
      size: 1021
    - path: src/fakeNewsClassifier/pipeline/stage_02_data_preprocessing.py
      hash: md5
      md5: 00ccbf67bc4a6c03cc84163f4c21d4cd
      size: 867
    params:
      params.yaml:
        random_state: 42
        stratify: true
        test_size: 0.2
    outs:
    - path: artifacts/data_preprocessing/X_test_tfidf.pkl
      hash: md5
      md5: 3f675db2b0afaaa7af77091eb3162fd5
      size: 13905187
    - path: artifacts/data_preprocessing/X_train_tfidf.pkl
      hash: md5
      md5: 8d05c4d18363053533e446fb4b0e97e2
      size: 55966691
    - path: artifacts/data_preprocessing/tfidf_vectoriser.pkl
      hash: md5
      md5: 571f36af620aa69afd0a9e036057c538
      size: 184730
    - path: artifacts/data_preprocessing/y_test.pkl
      hash: md5
      md5: db3b32ec4e3aad51117a4eb27eb38e71
      size: 288160
    - path: artifacts/data_preprocessing/y_train.pkl
      hash: md5
      md5: e28f7835db4b611d38674e9f8aa85a7b
      size: 1150176
  prepare_base_model:
    cmd: python src/fakeNewsClassifier/pipeline/stage_03_prepare_base_model.py
    deps:
    - path: config/config.yaml
      hash: md5
      md5: 2f6fdc905429ec6dc3828305a0bd04ab
      size: 1021
    - path: src/fakeNewsClassifier/pipeline/stage_03_prepare_base_model.py
      hash: md5
      md5: e26aa9b2a35bb39a2a325febb3053760
      size: 860
    params:
      params.yaml:
        C: 0.6
        class_weight: balanced
        max_iter: 1000
        penalty: l2
        solver: liblinear
    outs:
    - path: artifacts/prepare_base_model
      hash: md5
      md5: d0bec80ccb707e869416322cb2682ea8.dir
      size: 345
      nfiles: 1
  training:
    cmd: python src/fakeNewsClassifier/pipeline/stage_04_model_trainer.py
    deps:
    - path: artifacts/data_preprocessing/X_train_tfidf.pkl
      hash: md5
      md5: 8d05c4d18363053533e446fb4b0e97e2
      size: 55966691
    - path: artifacts/data_preprocessing/y_train.pkl
      hash: md5
      md5: e28f7835db4b611d38674e9f8aa85a7b
      size: 1150176
    - path: artifacts/prepare_base_model
      hash: md5
      md5: d0bec80ccb707e869416322cb2682ea8.dir
      size: 345
      nfiles: 1
    - path: config/config.yaml
      hash: md5
      md5: 2f6fdc905429ec6dc3828305a0bd04ab
      size: 1021
    - path: src/fakeNewsClassifier/pipeline/stage_04_model_trainer.py
      hash: md5
      md5: 8f9c8fbac85510ca27a2cc9b492f465c
      size: 814
    outs:
    - path: artifacts/training/trained_model.pkl
      hash: md5
      md5: f4eea3cef0c3386bca3c70ac005e6c1e
      size: 40891
  evaluation:
    cmd: python src/fakeNewsClassifier/pipeline/stage_05_model_evaluation.py
    deps:
    - path: artifacts/data_preprocessing/X_test_tfidf.pkl
      hash: md5
      md5: 3f675db2b0afaaa7af77091eb3162fd5
      size: 13905187
    - path: artifacts/data_preprocessing/y_test.pkl
      hash: md5
      md5: db3b32ec4e3aad51117a4eb27eb38e71
      size: 288160
    - path: artifacts/training/trained_model.pkl
      hash: md5
      md5: f4eea3cef0c3386bca3c70ac005e6c1e
      size: 40891
    - path: config/config.yaml
      hash: md5
      md5: 2f6fdc905429ec6dc3828305a0bd04ab
      size: 1021
    - path: src/fakeNewsClassifier/pipeline/stage_05_model_evaluation.py
      hash: md5
      md5: 34852801bf5ccd7a9bbf37f8996730fb
      size: 833
    outs:
    - path: scores.json
      hash: md5
      md5: f6e6fb6b27ae9bc4a7a12d2ee8857109
      size: 74
